
Microsoft Visual Studio Solution File, Format Version 12.00
# Visual Studio Version 16
VisualStudioVersion = 16.0.30011.22
MinimumVisualStudioVersion = 10.0.40219.1
Project("{FAE04EC0-301F-11D3-BF4B-00C04F79EFBC}") = "YoctoAPIBindings", "YoctoAPIBindings\YoctoAPIBindings.csproj", "{814739F1-969D-47BC-90DE-307120F33723}"
EndProject
Global
	GlobalSection(SolutionConfigurationPlatforms) = preSolution
		Debug|Any CPU = Debug|Any CPU
		Release|Any CPU = Release|Any CPU
	EndGlobalSection
	GlobalSection(ProjectConfigurationPlatforms) = postSolution
		{814739F1-969D-47BC-90DE-307120F33723}.Debug|Any CPU.ActiveCfg = Debug|Any CPU
		{814739F1-969D-47BC-90DE-307120F33723}.Debug|Any CPU.Build.0 = Debug|Any CPU
		{814739F1-969D-47BC-90DE-307120F33723}.Release|Any CPU.ActiveCfg = Release|Any CPU
		{814739F1-969D-47BC-90DE-307120F33723}.Release|Any CPU.Build.0 = Release|Any CPU
	EndGlobalSection
	GlobalSection(SolutionProperties) = preSolution
		HideSolutionNode = FALSE
	EndGlobalSection
	GlobalSection(ExtensibilityGlobals) = postSolution
		SolutionGuid = {AD1AB2CF-6E98-491C-B553-7BF2013D8864}
	EndGlobalSection
EndGlobal
